
Microsoft Visual Studio Solution File, Format Version 12.00
Project("{FAE04EC0-301F-11D3-BF4B-00C04F79EFBC}") = "MyApp.Common", "MyApp.Common\MyApp.Common.csproj", "{F5383CEC-F3D6-438A-B999-B3FAEE0A290D}"
EndProject
Global
	GlobalSection(SolutionConfigurationPlatforms) = preSolution
		Debug|Any CPU = Debug|Any CPU
		Release|Any CPU = Release|Any CPU
	EndGlobalSection
	GlobalSection(ProjectConfigurationPlatforms) = postSolution
		{F5383CEC-F3D6-438A-B999-B3FAEE0A290D}.Debug|Any CPU.ActiveCfg = Debug|Any CPU
		{F5383CEC-F3D6-438A-B999-B3FAEE0A290D}.Debug|Any CPU.Build.0 = Debug|Any CPU
		{F5383CEC-F3D6-438A-B999-B3FAEE0A290D}.Release|Any CPU.ActiveCfg = Release|Any CPU
		{F5383CEC-F3D6-438A-B999-B3FAEE0A290D}.Release|Any CPU.Build.0 = Release|Any CPU
	EndGlobalSection
EndGlobal
