
Microsoft Visual Studio Solution File, Format Version 12.00
Project("{FAE04EC0-301F-11D3-BF4B-00C04F79EFBC}") = "MyApp.Common", "MyApp.Common\MyApp.Common.csproj", "{F5383CEC-F3D6-438A-B999-B3FAEE0A290D}"
EndProject
Project("{FAE04EC0-301F-11D3-BF4B-00C04F79EFBC}") = "MyApp.Core", "MyApp.Core\MyApp.Core.csproj", "{CC4D595F-1E16-4C3C-A52F-FB52287F5376}"
EndProject
Project("{FAE04EC0-301F-11D3-BF4B-00C04F79EFBC}") = "MyApp.Domain", "MyApp.Domain\MyApp.Domain.csproj", "{8D8AA9BD-6672-4622-8143-8CCF98774149}"
EndProject
Project("{FAE04EC0-301F-11D3-BF4B-00C04F79EFBC}") = "MyApp.Infrastructure", "MyApp.Infrastructure\MyApp.Infrastructure.csproj", "{F793F0DD-45AF-4A86-B692-EB8FC1CF605C}"
EndProject
Project("{FAE04EC0-301F-11D3-BF4B-00C04F79EFBC}") = "MyApp.Domain.DI", "MyApp.Domain.DI\MyApp.Domain.DI.csproj", "{84D02438-815B-46A1-8B01-324E33F1141B}"
EndProject
Project("{FAE04EC0-301F-11D3-BF4B-00C04F79EFBC}") = "MyApp.Infrastructure.DI", "MyApp.Infrastructure.DI\MyApp.Infrastructure.DI.csproj", "{DAB7B601-243D-4AA2-B3BA-0866D90D1ED0}"
EndProject
Project("{FAE04EC0-301F-11D3-BF4B-00C04F79EFBC}") = "MyApp.Api", "MyApp.Api\MyApp.Api.csproj", "{D48DF732-3B8D-4691-8C44-4F9F35D15667}"
EndProject
Global
	GlobalSection(SolutionConfigurationPlatforms) = preSolution
		Debug|Any CPU = Debug|Any CPU
		Release|Any CPU = Release|Any CPU
	EndGlobalSection
	GlobalSection(ProjectConfigurationPlatforms) = postSolution
		{F5383CEC-F3D6-438A-B999-B3FAEE0A290D}.Debug|Any CPU.ActiveCfg = Debug|Any CPU
		{F5383CEC-F3D6-438A-B999-B3FAEE0A290D}.Debug|Any CPU.Build.0 = Debug|Any CPU
		{F5383CEC-F3D6-438A-B999-B3FAEE0A290D}.Release|Any CPU.ActiveCfg = Release|Any CPU
		{F5383CEC-F3D6-438A-B999-B3FAEE0A290D}.Release|Any CPU.Build.0 = Release|Any CPU
		{CC4D595F-1E16-4C3C-A52F-FB52287F5376}.Debug|Any CPU.ActiveCfg = Debug|Any CPU
		{CC4D595F-1E16-4C3C-A52F-FB52287F5376}.Debug|Any CPU.Build.0 = Debug|Any CPU
		{CC4D595F-1E16-4C3C-A52F-FB52287F5376}.Release|Any CPU.ActiveCfg = Release|Any CPU
		{CC4D595F-1E16-4C3C-A52F-FB52287F5376}.Release|Any CPU.Build.0 = Release|Any CPU
		{8D8AA9BD-6672-4622-8143-8CCF98774149}.Debug|Any CPU.ActiveCfg = Debug|Any CPU
		{8D8AA9BD-6672-4622-8143-8CCF98774149}.Debug|Any CPU.Build.0 = Debug|Any CPU
		{8D8AA9BD-6672-4622-8143-8CCF98774149}.Release|Any CPU.ActiveCfg = Release|Any CPU
		{8D8AA9BD-6672-4622-8143-8CCF98774149}.Release|Any CPU.Build.0 = Release|Any CPU
		{F793F0DD-45AF-4A86-B692-EB8FC1CF605C}.Debug|Any CPU.ActiveCfg = Debug|Any CPU
		{F793F0DD-45AF-4A86-B692-EB8FC1CF605C}.Debug|Any CPU.Build.0 = Debug|Any CPU
		{F793F0DD-45AF-4A86-B692-EB8FC1CF605C}.Release|Any CPU.ActiveCfg = Release|Any CPU
		{F793F0DD-45AF-4A86-B692-EB8FC1CF605C}.Release|Any CPU.Build.0 = Release|Any CPU
		{84D02438-815B-46A1-8B01-324E33F1141B}.Debug|Any CPU.ActiveCfg = Debug|Any CPU
		{84D02438-815B-46A1-8B01-324E33F1141B}.Debug|Any CPU.Build.0 = Debug|Any CPU
		{84D02438-815B-46A1-8B01-324E33F1141B}.Release|Any CPU.ActiveCfg = Release|Any CPU
		{84D02438-815B-46A1-8B01-324E33F1141B}.Release|Any CPU.Build.0 = Release|Any CPU
		{DAB7B601-243D-4AA2-B3BA-0866D90D1ED0}.Debug|Any CPU.ActiveCfg = Debug|Any CPU
		{DAB7B601-243D-4AA2-B3BA-0866D90D1ED0}.Debug|Any CPU.Build.0 = Debug|Any CPU
		{DAB7B601-243D-4AA2-B3BA-0866D90D1ED0}.Release|Any CPU.ActiveCfg = Release|Any CPU
		{DAB7B601-243D-4AA2-B3BA-0866D90D1ED0}.Release|Any CPU.Build.0 = Release|Any CPU
		{D48DF732-3B8D-4691-8C44-4F9F35D15667}.Debug|Any CPU.ActiveCfg = Debug|Any CPU
		{D48DF732-3B8D-4691-8C44-4F9F35D15667}.Debug|Any CPU.Build.0 = Debug|Any CPU
		{D48DF732-3B8D-4691-8C44-4F9F35D15667}.Release|Any CPU.ActiveCfg = Release|Any CPU
		{D48DF732-3B8D-4691-8C44-4F9F35D15667}.Release|Any CPU.Build.0 = Release|Any CPU
	EndGlobalSection
EndGlobal
